
Microsoft Visual Studio Solution File, Format Version 12.00
# Visual Studio Version 17
VisualStudioVersion = 17.4.33205.214
MinimumVisualStudioVersion = 10.0.40219.1
Project("{FAE04EC0-301F-11D3-BF4B-00C04F79EFBC}") = "WPFLET", "WPFLET\WPFLET.csproj", "{A86D4A58-EE3D-40DC-962B-1ED2B01C8E37}"
EndProject
Project("{FAE04EC0-301F-11D3-BF4B-00C04F79EFBC}") = "HardWareMatching", "HardWareMatching\HardWareMatching.csproj", "{97FA0CF7-02D3-4D48-B3B0-154E0D70CF7F}"
EndProject
Global
	GlobalSection(SolutionConfigurationPlatforms) = preSolution
		Debug|Any CPU = Debug|Any CPU
		Release|Any CPU = Release|Any CPU
	EndGlobalSection
	GlobalSection(ProjectConfigurationPlatforms) = postSolution
		{A86D4A58-EE3D-40DC-962B-1ED2B01C8E37}.Debug|Any CPU.ActiveCfg = Debug|Any CPU
		{A86D4A58-EE3D-40DC-962B-1ED2B01C8E37}.Debug|Any CPU.Build.0 = Debug|Any CPU
		{A86D4A58-EE3D-40DC-962B-1ED2B01C8E37}.Release|Any CPU.ActiveCfg = Release|Any CPU
		{A86D4A58-EE3D-40DC-962B-1ED2B01C8E37}.Release|Any CPU.Build.0 = Release|Any CPU
		{97FA0CF7-02D3-4D48-B3B0-154E0D70CF7F}.Debug|Any CPU.ActiveCfg = Debug|Any CPU
		{97FA0CF7-02D3-4D48-B3B0-154E0D70CF7F}.Debug|Any CPU.Build.0 = Debug|Any CPU
		{97FA0CF7-02D3-4D48-B3B0-154E0D70CF7F}.Release|Any CPU.ActiveCfg = Release|Any CPU
		{97FA0CF7-02D3-4D48-B3B0-154E0D70CF7F}.Release|Any CPU.Build.0 = Release|Any CPU
	EndGlobalSection
	GlobalSection(SolutionProperties) = preSolution
		HideSolutionNode = FALSE
	EndGlobalSection
	GlobalSection(ExtensibilityGlobals) = postSolution
		SolutionGuid = {8F9176D6-A283-4D3C-957C-6AD9C9960705}
	EndGlobalSection
EndGlobal
